// !$*UTF8*$!
{
	archiveVersion = 1;
	classes = {
	};
	objectVersion = 56;
	objects = {

/* Begin PBXBuildFile section */
		5A10FFB82A79796800A1277E /* TheGuidebookApp.swift in Sources */ = {isa = PBXBuildFile; fileRef = 5A10FFB72A79796800A1277E /* TheGuidebookApp.swift */; };
		5A10FFBA2A79796800A1277E /* CityView.swift in Sources */ = {isa = PBXBuildFile; fileRef = 5A10FFB92A79796800A1277E /* CityView.swift */; };
		5A10FFBC2A79796800A1277E /* Assets.xcassets in Resources */ = {isa = PBXBuildFile; fileRef = 5A10FFBB2A79796800A1277E /* Assets.xcassets */; };
		5A10FFBF2A79796800A1277E /* Preview Assets.xcassets in Resources */ = {isa = PBXBuildFile; fileRef = 5A10FFBE2A79796800A1277E /* Preview Assets.xcassets */; };
		5A10FFC62A797A9000A1277E /* AttractionView.swift in Sources */ = {isa = PBXBuildFile; fileRef = 5A10FFC52A797A9000A1277E /* AttractionView.swift */; };
		5A10FFC82A797AB000A1277E /* DetailView.swift in Sources */ = {isa = PBXBuildFile; fileRef = 5A10FFC72A797AB000A1277E /* DetailView.swift */; };
		5A10FFCA2A797B0700A1277E /* DataService.swift in Sources */ = {isa = PBXBuildFile; fileRef = 5A10FFC92A797B0700A1277E /* DataService.swift */; };
		5A10FFCC2A797BB300A1277E /* AttractionRow.swift in Sources */ = {isa = PBXBuildFile; fileRef = 5A10FFCB2A797BB300A1277E /* AttractionRow.swift */; };
		5A10FFCE2A797BD400A1277E /* City.swift in Sources */ = {isa = PBXBuildFile; fileRef = 5A10FFCD2A797BD400A1277E /* City.swift */; };
		5A10FFD02A797C0000A1277E /* Attraction.swift in Sources */ = {isa = PBXBuildFile; fileRef = 5A10FFCF2A797C0000A1277E /* Attraction.swift */; };
		5A10FFD22A797C3600A1277E /* CityCard.swift in Sources */ = {isa = PBXBuildFile; fileRef = 5A10FFD12A797C3600A1277E /* CityCard.swift */; };
/* End PBXBuildFile section */

/* Begin PBXFileReference section */
		5A10FFB42A79796800A1277E /* TheGuidebookApp.app */ = {isa = PBXFileReference; explicitFileType = wrapper.application; includeInIndex = 0; path = TheGuidebookApp.app; sourceTree = BUILT_PRODUCTS_DIR; };
		5A10FFB72A79796800A1277E /* TheGuidebookApp.swift */ = {isa = PBXFileReference; lastKnownFileType = sourcecode.swift; path = TheGuidebookApp.swift; sourceTree = "<group>"; };
		5A10FFB92A79796800A1277E /* CityView.swift */ = {isa = PBXFileReference; lastKnownFileType = sourcecode.swift; path = CityView.swift; sourceTree = "<group>"; };
		5A10FFBB2A79796800A1277E /* Assets.xcassets */ = {isa = PBXFileReference; lastKnownFileType = folder.assetcatalog; path = Assets.xcassets; sourceTree = "<group>"; };
		5A10FFBE2A79796800A1277E /* Preview Assets.xcassets */ = {isa = PBXFileReference; lastKnownFileType = folder.assetcatalog; path = "Preview Assets.xcassets"; sourceTree = "<group>"; };
		5A10FFC52A797A9000A1277E /* AttractionView.swift */ = {isa = PBXFileReference; lastKnownFileType = sourcecode.swift; path = AttractionView.swift; sourceTree = "<group>"; };
		5A10FFC72A797AB000A1277E /* DetailView.swift */ = {isa = PBXFileReference; lastKnownFileType = sourcecode.swift; path = DetailView.swift; sourceTree = "<group>"; };
		5A10FFC92A797B0700A1277E /* DataService.swift */ = {isa = PBXFileReference; lastKnownFileType = sourcecode.swift; path = DataService.swift; sourceTree = "<group>"; };
		5A10FFCB2A797BB300A1277E /* AttractionRow.swift */ = {isa = PBXFileReference; lastKnownFileType = sourcecode.swift; path = AttractionRow.swift; sourceTree = "<group>"; };
		5A10FFCD2A797BD400A1277E /* City.swift */ = {isa = PBXFileReference; lastKnownFileType = sourcecode.swift; path = City.swift; sourceTree = "<group>"; };
		5A10FFCF2A797C0000A1277E /* Attraction.swift */ = {isa = PBXFileReference; lastKnownFileType = sourcecode.swift; path = Attraction.swift; sourceTree = "<group>"; };
		5A10FFD12A797C3600A1277E /* CityCard.swift */ = {isa = PBXFileReference; lastKnownFileType = sourcecode.swift; path = CityCard.swift; sourceTree = "<group>"; };
/* End PBXFileReference section */

/* Begin PBXFrameworksBuildPhase section */
		5A10FFB12A79796800A1277E /* Frameworks */ = {
			isa = PBXFrameworksBuildPhase;
			buildActionMask = 2147483647;
			files = (
			);
			runOnlyForDeploymentPostprocessing = 0;
		};
/* End PBXFrameworksBuildPhase section */

/* Begin PBXGroup section */
		5A10FFAB2A79796800A1277E = {
			isa = PBXGroup;
			children = (
				5A10FFB62A79796800A1277E /* TheGuidebookApp */,
				5A10FFB52A79796800A1277E /* Products */,
			);
			sourceTree = "<group>";
		};
		5A10FFB52A79796800A1277E /* Products */ = {
			isa = PBXGroup;
			children = (
				5A10FFB42A79796800A1277E /* TheGuidebookApp.app */,
			);
			name = Products;
			sourceTree = "<group>";
		};
		5A10FFB62A79796800A1277E /* TheGuidebookApp */ = {
			isa = PBXGroup;
			children = (
				5A10FFB72A79796800A1277E /* TheGuidebookApp.swift */,
				5A10FFB92A79796800A1277E /* CityView.swift */,
				5A10FFBB2A79796800A1277E /* Assets.xcassets */,
				5A10FFBD2A79796800A1277E /* Preview Content */,
				5A10FFC52A797A9000A1277E /* AttractionView.swift */,
				5A10FFC72A797AB000A1277E /* DetailView.swift */,
				5A10FFC92A797B0700A1277E /* DataService.swift */,
				5A10FFCB2A797BB300A1277E /* AttractionRow.swift */,
				5A10FFCD2A797BD400A1277E /* City.swift */,
				5A10FFCF2A797C0000A1277E /* Attraction.swift */,
				5A10FFD12A797C3600A1277E /* CityCard.swift */,
			);
			path = TheGuidebookApp;
			sourceTree = "<group>";
		};
		5A10FFBD2A79796800A1277E /* Preview Content */ = {
			isa = PBXGroup;
			children = (
				5A10FFBE2A79796800A1277E /* Preview Assets.xcassets */,
			);
			path = "Preview Content";
			sourceTree = "<group>";
		};
/* End PBXGroup section */

/* Begin PBXNativeTarget section */
		5A10FFB32A79796800A1277E /* TheGuidebookApp */ = {
			isa = PBXNativeTarget;
			buildConfigurationList = 5A10FFC22A79796800A1277E /* Build configuration list for PBXNativeTarget "TheGuidebookApp" */;
			buildPhases = (
				5A10FFB02A79796800A1277E /* Sources */,
				5A10FFB12A79796800A1277E /* Frameworks */,
				5A10FFB22A79796800A1277E /* Resources */,
			);
			buildRules = (
			);
			dependencies = (
			);
			name = TheGuidebookApp;
			productName = TheGuidebookApp;
			productReference = 5A10FFB42A79796800A1277E /* TheGuidebookApp.app */;
			productType = "com.apple.product-type.application";
		};
/* End PBXNativeTarget section */

/* Begin PBXProject section */
		5A10FFAC2A79796800A1277E /* Project object */ = {
			isa = PBXProject;
			attributes = {
				BuildIndependentTargetsInParallel = 1;
				LastSwiftUpdateCheck = 1420;
				LastUpgradeCheck = 1420;
				TargetAttributes = {
					5A10FFB32A79796800A1277E = {
						CreatedOnToolsVersion = 14.2;
					};
				};
			};
			buildConfigurationList = 5A10FFAF2A79796800A1277E /* Build configuration list for PBXProject "TheGuidebookApp" */;
			compatibilityVersion = "Xcode 14.0";
			developmentRegion = en;
			hasScannedForEncodings = 0;
			knownRegions = (
				en,
				Base,
			);
			mainGroup = 5A10FFAB2A79796800A1277E;
			productRefGroup = 5A10FFB52A79796800A1277E /* Products */;
			projectDirPath = "";
			projectRoot = "";
			targets = (
				5A10FFB32A79796800A1277E /* TheGuidebookApp */,
			);
		};
/* End PBXProject section */

/* Begin PBXResourcesBuildPhase section */
		5A10FFB22A79796800A1277E /* Resources */ = {
			isa = PBXResourcesBuildPhase;
			buildActionMask = 2147483647;
			files = (
				5A10FFBF2A79796800A1277E /* Preview Assets.xcassets in Resources */,
				5A10FFBC2A79796800A1277E /* Assets.xcassets in Resources */,
			);
			runOnlyForDeploymentPostprocessing = 0;
		};
/* End PBXResourcesBuildPhase section */

/* Begin PBXSourcesBuildPhase section */
		5A10FFB02A79796800A1277E /* Sources */ = {
			isa = PBXSourcesBuildPhase;
			buildActionMask = 2147483647;
			files = (
				5A10FFBA2A79796800A1277E /* CityView.swift in Sources */,
				5A10FFC82A797AB000A1277E /* DetailView.swift in Sources */,
				5A10FFB82A79796800A1277E /* TheGuidebookApp.swift in Sources */,
				5A10FFC62A797A9000A1277E /* AttractionView.swift in Sources */,
				5A10FFD22A797C3600A1277E /* CityCard.swift in Sources */,
				5A10FFD02A797C0000A1277E /* Attraction.swift in Sources */,
				5A10FFCA2A797B0700A1277E /* DataService.swift in Sources */,
				5A10FFCC2A797BB300A1277E /* AttractionRow.swift in Sources */,
				5A10FFCE2A797BD400A1277E /* City.swift in Sources */,
			);
			runOnlyForDeploymentPostprocessing = 0;
		};
/* End PBXSourcesBuildPhase section */

/* Begin XCBuildConfiguration section */
		5A10FFC02A79796800A1277E /* Debug */ = {
			isa = XCBuildConfiguration;
			buildSettings = {
				ALWAYS_SEARCH_USER_PATHS = NO;
				CLANG_ANALYZER_NONNULL = YES;
				CLANG_ANALYZER_NUMBER_OBJECT_CONVERSION = YES_AGGRESSIVE;
				CLANG_CXX_LANGUAGE_STANDARD = "gnu++20";
				CLANG_ENABLE_MODULES = YES;
				CLANG_ENABLE_OBJC_ARC = YES;
				CLANG_ENABLE_OBJC_WEAK = YES;
				CLANG_WARN_BLOCK_CAPTURE_AUTORELEASING = YES;
				CLANG_WARN_BOOL_CONVERSION = YES;
				CLANG_WARN_COMMA = YES;
				CLANG_WARN_CONSTANT_CONVERSION = YES;
				CLANG_WARN_DEPRECATED_OBJC_IMPLEMENTATIONS = YES;
				CLANG_WARN_DIRECT_OBJC_ISA_USAGE = YES_ERROR;
				CLANG_WARN_DOCUMENTATION_COMMENTS = YES;
				CLANG_WARN_EMPTY_BODY = YES;
				CLANG_WARN_ENUM_CONVERSION = YES;
				CLANG_WARN_INFINITE_RECURSION = YES;
				CLANG_WARN_INT_CONVERSION = YES;
				CLANG_WARN_NON_LITERAL_NULL_CONVERSION = YES;
				CLANG_WARN_OBJC_IMPLICIT_RETAIN_SELF = YES;
				CLANG_WARN_OBJC_LITERAL_CONVERSION = YES;
				CLANG_WARN_OBJC_ROOT_CLASS = YES_ERROR;
				CLANG_WARN_QUOTED_INCLUDE_IN_FRAMEWORK_HEADER = YES;
				CLANG_WARN_RANGE_LOOP_ANALYSIS = YES;
				CLANG_WARN_STRICT_PROTOTYPES = YES;
				CLANG_WARN_SUSPICIOUS_MOVE = YES;
				CLANG_WARN_UNGUARDED_AVAILABILITY = YES_AGGRESSIVE;
				CLANG_WARN_UNREACHABLE_CODE = YES;
				CLANG_WARN__DUPLICATE_METHOD_MATCH = YES;
				COPY_PHASE_STRIP = NO;
				DEBUG_INFORMATION_FORMAT = dwarf;
				ENABLE_STRICT_OBJC_MSGSEND = YES;
				ENABLE_TESTABILITY = YES;
				GCC_C_LANGUAGE_STANDARD = gnu11;
				GCC_DYNAMIC_NO_PIC = NO;
				GCC_NO_COMMON_BLOCKS = YES;
				GCC_OPTIMIZATION_LEVEL = 0;
				GCC_PREPROCESSOR_DEFINITIONS = (
					"DEBUG=1",
					"$(inherited)",
				);
				GCC_WARN_64_TO_32_BIT_CONVERSION = YES;
				GCC_WARN_ABOUT_RETURN_TYPE = YES_ERROR;
				GCC_WARN_UNDECLARED_SELECTOR = YES;
				GCC_WARN_UNINITIALIZED_AUTOS = YES_AGGRESSIVE;
				GCC_WARN_UNUSED_FUNCTION = YES;
				GCC_WARN_UNUSED_VARIABLE = YES;
				IPHONEOS_DEPLOYMENT_TARGET = 16.2;
				MTL_ENABLE_DEBUG_INFO = INCLUDE_SOURCE;
				MTL_FAST_MATH = YES;
				ONLY_ACTIVE_ARCH = YES;
				SDKROOT = iphoneos;
				SWIFT_ACTIVE_COMPILATION_CONDITIONS = DEBUG;
				SWIFT_OPTIMIZATION_LEVEL = "-Onone";
			};
			name = Debug;
		};
		5A10FFC12A79796800A1277E /* Release */ = {
			isa = XCBuildConfiguration;
			buildSettings = {
				ALWAYS_SEARCH_USER_PATHS = NO;
				CLANG_ANALYZER_NONNULL = YES;
				CLANG_ANALYZER_NUMBER_OBJECT_CONVERSION = YES_AGGRESSIVE;
				CLANG_CXX_LANGUAGE_STANDARD = "gnu++20";
				CLANG_ENABLE_MODULES = YES;
				CLANG_ENABLE_OBJC_ARC = YES;
				CLANG_ENABLE_OBJC_WEAK = YES;
				CLANG_WARN_BLOCK_CAPTURE_AUTORELEASING = YES;
				CLANG_WARN_BOOL_CONVERSION = YES;
				CLANG_WARN_COMMA = YES;
				CLANG_WARN_CONSTANT_CONVERSION = YES;
				CLANG_WARN_DEPRECATED_OBJC_IMPLEMENTATIONS = YES;
				CLANG_WARN_DIRECT_OBJC_ISA_USAGE = YES_ERROR;
				CLANG_WARN_DOCUMENTATION_COMMENTS = YES;
				CLANG_WARN_EMPTY_BODY = YES;
				CLANG_WARN_ENUM_CONVERSION = YES;
				CLANG_WARN_INFINITE_RECURSION = YES;
				CLANG_WARN_INT_CONVERSION = YES;
				CLANG_WARN_NON_LITERAL_NULL_CONVERSION = YES;
				CLANG_WARN_OBJC_IMPLICIT_RETAIN_SELF = YES;
				CLANG_WARN_OBJC_LITERAL_CONVERSION = YES;
				CLANG_WARN_OBJC_ROOT_CLASS = YES_ERROR;
				CLANG_WARN_QUOTED_INCLUDE_IN_FRAMEWORK_HEADER = YES;
				CLANG_WARN_RANGE_LOOP_ANALYSIS = YES;
				CLANG_WARN_STRICT_PROTOTYPES = YES;
				CLANG_WARN_SUSPICIOUS_MOVE = YES;
				CLANG_WARN_UNGUARDED_AVAILABILITY = YES_AGGRESSIVE;
				CLANG_WARN_UNREACHABLE_CODE = YES;
				CLANG_WARN__DUPLICATE_METHOD_MATCH = YES;
				COPY_PHASE_STRIP = NO;
				DEBUG_INFORMATION_FORMAT = "dwarf-with-dsym";
				ENABLE_NS_ASSERTIONS = NO;
				ENABLE_STRICT_OBJC_MSGSEND = YES;
				GCC_C_LANGUAGE_STANDARD = gnu11;
				GCC_NO_COMMON_BLOCKS = YES;
				GCC_WARN_64_TO_32_BIT_CONVERSION = YES;
				GCC_WARN_ABOUT_RETURN_TYPE = YES_ERROR;
				GCC_WARN_UNDECLARED_SELECTOR = YES;
				GCC_WARN_UNINITIALIZED_AUTOS = YES_AGGRESSIVE;
				GCC_WARN_UNUSED_FUNCTION = YES;
				GCC_WARN_UNUSED_VARIABLE = YES;
				IPHONEOS_DEPLOYMENT_TARGET = 16.2;
				MTL_ENABLE_DEBUG_INFO = NO;
				MTL_FAST_MATH = YES;
				SDKROOT = iphoneos;
				SWIFT_COMPILATION_MODE = wholemodule;
				SWIFT_OPTIMIZATION_LEVEL = "-O";
				VALIDATE_PRODUCT = YES;
			};
			name = Release;
		};
		5A10FFC32A79796800A1277E /* Debug */ = {
			isa = XCBuildConfiguration;
			buildSettings = {
				ASSETCATALOG_COMPILER_APPICON_NAME = AppIcon;
				ASSETCATALOG_COMPILER_GLOBAL_ACCENT_COLOR_NAME = AccentColor;
				CODE_SIGN_STYLE = Automatic;
				CURRENT_PROJECT_VERSION = 1;
				DEVELOPMENT_ASSET_PATHS = "\"TheGuidebookApp/Preview Content\"";
				DEVELOPMENT_TEAM = 6HPFQ79T7D;
				ENABLE_PREVIEWS = YES;
				GENERATE_INFOPLIST_FILE = YES;
				INFOPLIST_KEY_UIApplicationSceneManifest_Generation = YES;
				INFOPLIST_KEY_UIApplicationSupportsIndirectInputEvents = YES;
				INFOPLIST_KEY_UILaunchScreen_Generation = YES;
				INFOPLIST_KEY_UISupportedInterfaceOrientations_iPad = "UIInterfaceOrientationPortrait UIInterfaceOrientationPortraitUpsideDown UIInterfaceOrientationLandscapeLeft UIInterfaceOrientationLandscapeRight";
				INFOPLIST_KEY_UISupportedInterfaceOrientations_iPhone = "UIInterfaceOrientationPortrait UIInterfaceOrientationLandscapeLeft UIInterfaceOrientationLandscapeRight";
				LD_RUNPATH_SEARCH_PATHS = (
					"$(inherited)",
					"@executable_path/Frameworks",
				);
				MARKETING_VERSION = 1.0;
				PRODUCT_BUNDLE_IDENTIFIER = Personal.TheGuidebookApp;
				PRODUCT_NAME = "$(TARGET_NAME)";
				SWIFT_EMIT_LOC_STRINGS = YES;
				SWIFT_VERSION = 5.0;
				TARGETED_DEVICE_FAMILY = "1,2";
			};
			name = Debug;
		};
		5A10FFC42A79796800A1277E /* Release */ = {
			isa = XCBuildConfiguration;
			buildSettings = {
				ASSETCATALOG_COMPILER_APPICON_NAME = AppIcon;
				ASSETCATALOG_COMPILER_GLOBAL_ACCENT_COLOR_NAME = AccentColor;
				CODE_SIGN_STYLE = Automatic;
				CURRENT_PROJECT_VERSION = 1;
				DEVELOPMENT_ASSET_PATHS = "\"TheGuidebookApp/Preview Content\"";
				DEVELOPMENT_TEAM = 6HPFQ79T7D;
				ENABLE_PREVIEWS = YES;
				GENERATE_INFOPLIST_FILE = YES;
				INFOPLIST_KEY_UIApplicationSceneManifest_Generation = YES;
				INFOPLIST_KEY_UIApplicationSupportsIndirectInputEvents = YES;
				INFOPLIST_KEY_UILaunchScreen_Generation = YES;
				INFOPLIST_KEY_UISupportedInterfaceOrientations_iPad = "UIInterfaceOrientationPortrait UIInterfaceOrientationPortraitUpsideDown UIInterfaceOrientationLandscapeLeft UIInterfaceOrientationLandscapeRight";
				INFOPLIST_KEY_UISupportedInterfaceOrientations_iPhone = "UIInterfaceOrientationPortrait UIInterfaceOrientationLandscapeLeft UIInterfaceOrientationLandscapeRight";
				LD_RUNPATH_SEARCH_PATHS = (
					"$(inherited)",
					"@executable_path/Frameworks",
				);
				MARKETING_VERSION = 1.0;
				PRODUCT_BUNDLE_IDENTIFIER = Personal.TheGuidebookApp;
				PRODUCT_NAME = "$(TARGET_NAME)";
				SWIFT_EMIT_LOC_STRINGS = YES;
				SWIFT_VERSION = 5.0;
				TARGETED_DEVICE_FAMILY = "1,2";
			};
			name = Release;
		};
/* End XCBuildConfiguration section */

/* Begin XCConfigurationList section */
		5A10FFAF2A79796800A1277E /* Build configuration list for PBXProject "TheGuidebookApp" */ = {
			isa = XCConfigurationList;
			buildConfigurations = (
				5A10FFC02A79796800A1277E /* Debug */,
				5A10FFC12A79796800A1277E /* Release */,
			);
			defaultConfigurationIsVisible = 0;
			defaultConfigurationName = Release;
		};
		5A10FFC22A79796800A1277E /* Build configuration list for PBXNativeTarget "TheGuidebookApp" */ = {
			isa = XCConfigurationList;
			buildConfigurations = (
				5A10FFC32A79796800A1277E /* Debug */,
				5A10FFC42A79796800A1277E /* Release */,
			);
			defaultConfigurationIsVisible = 0;
			defaultConfigurationName = Release;
		};
/* End XCConfigurationList section */
	};
	rootObject = 5A10FFAC2A79796800A1277E /* Project object */;
}
